
Microsoft Visual Studio Solution File, Format Version 12.00
# Visual Studio Version 16
VisualStudioVersion = 16.0.33801.447
MinimumVisualStudioVersion = 10.0.40219.1
Project("{FAE04EC0-301F-11D3-BF4B-00C04F79EFBC}") = "eTickets", "eTickets.csproj", "{EEE399C7-8936-468D-851C-7E40F0B4CFD5}"
EndProject
Global
	GlobalSection(SolutionConfigurationPlatforms) = preSolution
		Debug|Any CPU = Debug|Any CPU
		Release|Any CPU = Release|Any CPU
	EndGlobalSection
	GlobalSection(ProjectConfigurationPlatforms) = postSolution
		{EEE399C7-8936-468D-851C-7E40F0B4CFD5}.Debug|Any CPU.ActiveCfg = Debug|Any CPU
		{EEE399C7-8936-468D-851C-7E40F0B4CFD5}.Debug|Any CPU.Build.0 = Debug|Any CPU
		{EEE399C7-8936-468D-851C-7E40F0B4CFD5}.Release|Any CPU.ActiveCfg = Release|Any CPU
		{EEE399C7-8936-468D-851C-7E40F0B4CFD5}.Release|Any CPU.Build.0 = Release|Any CPU
	EndGlobalSection
	GlobalSection(SolutionProperties) = preSolution
		HideSolutionNode = FALSE
	EndGlobalSection
	GlobalSection(ExtensibilityGlobals) = postSolution
		SolutionGuid = {8CE75F77-5EA1-4FF2-9F1C-3D96DA8EF3A1}
	EndGlobalSection
EndGlobal
